
Microsoft Visual Studio Solution File, Format Version 12.00
# Visual Studio Version 16
VisualStudioVersion = 16.0.29613.14
MinimumVisualStudioVersion = 10.0.40219.1
Project("{FAE04EC0-301F-11D3-BF4B-00C04F79EFBC}") = "Areo Pendulum", "Areo Pendulum.csproj", "{92FFDB4F-89D6-4D21-8BD9-0CD731338026}"
EndProject
Global
	GlobalSection(SolutionConfigurationPlatforms) = preSolution
		Debug|Any CPU = Debug|Any CPU
		Release|Any CPU = Release|Any CPU
	EndGlobalSection
	GlobalSection(ProjectConfigurationPlatforms) = postSolution
		{92FFDB4F-89D6-4D21-8BD9-0CD731338026}.Debug|Any CPU.ActiveCfg = Debug|Any CPU
		{92FFDB4F-89D6-4D21-8BD9-0CD731338026}.Debug|Any CPU.Build.0 = Debug|Any CPU
		{92FFDB4F-89D6-4D21-8BD9-0CD731338026}.Release|Any CPU.ActiveCfg = Release|Any CPU
		{92FFDB4F-89D6-4D21-8BD9-0CD731338026}.Release|Any CPU.Build.0 = Release|Any CPU
	EndGlobalSection
	GlobalSection(SolutionProperties) = preSolution
		HideSolutionNode = FALSE
	EndGlobalSection
	GlobalSection(ExtensibilityGlobals) = postSolution
		SolutionGuid = {D1A8ABF5-CF1F-48C2-803D-45FE602DCB15}
	EndGlobalSection
EndGlobal
